
Microsoft Visual Studio Solution File, Format Version 12.00
# Visual Studio 2013
VisualStudioVersion = 12.0.30501.0
MinimumVisualStudioVersion = 10.0.40219.1
Project("{FAE04EC0-301F-11D3-BF4B-00C04F79EFBC}") = "SimpleWebAppCodeFlow", "SimpleWebAppCodeFlow\SimpleWebAppCodeFlow.csproj", "{708BB98D-0486-4650-BFB5-12FC2CFF166B}"
EndProject
Global
	GlobalSection(SolutionConfigurationPlatforms) = preSolution
		Debug|Any CPU = Debug|Any CPU
		Release|Any CPU = Release|Any CPU
	EndGlobalSection
	GlobalSection(ProjectConfigurationPlatforms) = postSolution
		{708BB98D-0486-4650-BFB5-12FC2CFF166B}.Debug|Any CPU.ActiveCfg = Debug|Any CPU
		{708BB98D-0486-4650-BFB5-12FC2CFF166B}.Debug|Any CPU.Build.0 = Debug|Any CPU
		{708BB98D-0486-4650-BFB5-12FC2CFF166B}.Release|Any CPU.ActiveCfg = Release|Any CPU
		{708BB98D-0486-4650-BFB5-12FC2CFF166B}.Release|Any CPU.Build.0 = Release|Any CPU
	EndGlobalSection
	GlobalSection(SolutionProperties) = preSolution
		HideSolutionNode = FALSE
	EndGlobalSection
EndGlobal
